// !$*UTF8*$!
{
	archiveVersion = 1;
	classes = {
	};
	objectVersion = 50;
	objects = {

/* Begin PBXBuildFile section */
		0098AECB214F80580005F682 /* AppDelegate.m in Sources */ = {isa = PBXBuildFile; fileRef = 0098AECA214F80580005F682 /* AppDelegate.m */; };
		0098AECE214F80580005F682 /* ViewController.m in Sources */ = {isa = PBXBuildFile; fileRef = 0098AECD214F80580005F682 /* ViewController.m */; };
		0098AED1214F80580005F682 /* Main.storyboard in Resources */ = {isa = PBXBuildFile; fileRef = 0098AECF214F80580005F682 /* Main.storyboard */; };
		0098AED3214F805A0005F682 /* Assets.xcassets in Resources */ = {isa = PBXBuildFile; fileRef = 0098AED2214F805A0005F682 /* Assets.xcassets */; };
		0098AED6214F805A0005F682 /* LaunchScreen.storyboard in Resources */ = {isa = PBXBuildFile; fileRef = 0098AED4214F805A0005F682 /* LaunchScreen.storyboard */; };
		0098AED9214F805A0005F682 /* main.m in Sources */ = {isa = PBXBuildFile; fileRef = 0098AED8214F805A0005F682 /* main.m */; };
		0098AEE1214F84070005F682 /* SinglePageView.m in Sources */ = {isa = PBXBuildFile; fileRef = 0098AEE0214F84070005F682 /* SinglePageView.m */; };
		0098AEE7214F8AF20005F682 /* UIKitPagingDotsView.m in Sources */ = {isa = PBXBuildFile; fileRef = 0098AEE6214F8AF20005F682 /* UIKitPagingDotsView.m */; };
/* End PBXBuildFile section */

/* Begin PBXFileReference section */
		0098AEC6214F80580005F682 /* testPaging.app */ = {isa = PBXFileReference; explicitFileType = wrapper.application; includeInIndex = 0; path = testPaging.app; sourceTree = BUILT_PRODUCTS_DIR; };
		0098AEC9214F80580005F682 /* AppDelegate.h */ = {isa = PBXFileReference; lastKnownFileType = sourcecode.c.h; path = AppDelegate.h; sourceTree = "<group>"; };
		0098AECA214F80580005F682 /* AppDelegate.m */ = {isa = PBXFileReference; lastKnownFileType = sourcecode.c.objc; path = AppDelegate.m; sourceTree = "<group>"; };
		0098AECC214F80580005F682 /* ViewController.h */ = {isa = PBXFileReference; lastKnownFileType = sourcecode.c.h; path = ViewController.h; sourceTree = "<group>"; };
		0098AECD214F80580005F682 /* ViewController.m */ = {isa = PBXFileReference; lastKnownFileType = sourcecode.c.objc; path = ViewController.m; sourceTree = "<group>"; };
		0098AED0214F80580005F682 /* Base */ = {isa = PBXFileReference; lastKnownFileType = file.storyboard; name = Base; path = Base.lproj/Main.storyboard; sourceTree = "<group>"; };
		0098AED2214F805A0005F682 /* Assets.xcassets */ = {isa = PBXFileReference; lastKnownFileType = folder.assetcatalog; path = Assets.xcassets; sourceTree = "<group>"; };
		0098AED5214F805A0005F682 /* Base */ = {isa = PBXFileReference; lastKnownFileType = file.storyboard; name = Base; path = Base.lproj/LaunchScreen.storyboard; sourceTree = "<group>"; };
		0098AED7214F805A0005F682 /* Info.plist */ = {isa = PBXFileReference; lastKnownFileType = text.plist.xml; path = Info.plist; sourceTree = "<group>"; };
		0098AED8214F805A0005F682 /* main.m */ = {isa = PBXFileReference; lastKnownFileType = sourcecode.c.objc; path = main.m; sourceTree = "<group>"; };
		0098AEDF214F84070005F682 /* SinglePageView.h */ = {isa = PBXFileReference; lastKnownFileType = sourcecode.c.h; path = SinglePageView.h; sourceTree = "<group>"; };
		0098AEE0214F84070005F682 /* SinglePageView.m */ = {isa = PBXFileReference; lastKnownFileType = sourcecode.c.objc; path = SinglePageView.m; sourceTree = "<group>"; };
		0098AEE5214F8AF20005F682 /* UIKitPagingDotsView.h */ = {isa = PBXFileReference; lastKnownFileType = sourcecode.c.h; path = UIKitPagingDotsView.h; sourceTree = "<group>"; };
		0098AEE6214F8AF20005F682 /* UIKitPagingDotsView.m */ = {isa = PBXFileReference; lastKnownFileType = sourcecode.c.objc; path = UIKitPagingDotsView.m; sourceTree = "<group>"; };
/* End PBXFileReference section */

/* Begin PBXFrameworksBuildPhase section */
		0098AEC3214F80580005F682 /* Frameworks */ = {
			isa = PBXFrameworksBuildPhase;
			buildActionMask = 2147483647;
			files = (
			);
			runOnlyForDeploymentPostprocessing = 0;
		};
/* End PBXFrameworksBuildPhase section */

/* Begin PBXGroup section */
		0098AEBD214F80580005F682 = {
			isa = PBXGroup;
			children = (
				0098AEC8214F80580005F682 /* testPaging */,
				0098AEC7214F80580005F682 /* Products */,
			);
			sourceTree = "<group>";
		};
		0098AEC7214F80580005F682 /* Products */ = {
			isa = PBXGroup;
			children = (
				0098AEC6214F80580005F682 /* testPaging.app */,
			);
			name = Products;
			sourceTree = "<group>";
		};
		0098AEC8214F80580005F682 /* testPaging */ = {
			isa = PBXGroup;
			children = (
				0098AEE4214F8AD80005F682 /* dotsView */,
				0098AEC9214F80580005F682 /* AppDelegate.h */,
				0098AECA214F80580005F682 /* AppDelegate.m */,
				0098AECC214F80580005F682 /* ViewController.h */,
				0098AECD214F80580005F682 /* ViewController.m */,
				0098AECF214F80580005F682 /* Main.storyboard */,
				0098AED2214F805A0005F682 /* Assets.xcassets */,
				0098AED4214F805A0005F682 /* LaunchScreen.storyboard */,
				0098AED7214F805A0005F682 /* Info.plist */,
				0098AED8214F805A0005F682 /* main.m */,
				0098AEDF214F84070005F682 /* SinglePageView.h */,
				0098AEE0214F84070005F682 /* SinglePageView.m */,
			);
			path = testPaging;
			sourceTree = "<group>";
		};
		0098AEE4214F8AD80005F682 /* dotsView */ = {
			isa = PBXGroup;
			children = (
				0098AEE5214F8AF20005F682 /* UIKitPagingDotsView.h */,
				0098AEE6214F8AF20005F682 /* UIKitPagingDotsView.m */,
			);
			path = dotsView;
			sourceTree = "<group>";
		};
/* End PBXGroup section */

/* Begin PBXNativeTarget section */
		0098AEC5214F80580005F682 /* testPaging */ = {
			isa = PBXNativeTarget;
			buildConfigurationList = 0098AEDC214F805A0005F682 /* Build configuration list for PBXNativeTarget "testPaging" */;
			buildPhases = (
				0098AEC2214F80580005F682 /* Sources */,
				0098AEC3214F80580005F682 /* Frameworks */,
				0098AEC4214F80580005F682 /* Resources */,
			);
			buildRules = (
			);
			dependencies = (
			);
			name = testPaging;
			productName = testPaging;
			productReference = 0098AEC6214F80580005F682 /* testPaging.app */;
			productType = "com.apple.product-type.application";
		};
/* End PBXNativeTarget section */

/* Begin PBXProject section */
		0098AEBE214F80580005F682 /* Project object */ = {
			isa = PBXProject;
			attributes = {
				LastUpgradeCheck = 0940;
				ORGANIZATIONNAME = "Dmitriy Avvakumov";
				TargetAttributes = {
					0098AEC5214F80580005F682 = {
						CreatedOnToolsVersion = 9.4.1;
					};
				};
			};
			buildConfigurationList = 0098AEC1214F80580005F682 /* Build configuration list for PBXProject "testPaging" */;
			compatibilityVersion = "Xcode 9.3";
			developmentRegion = en;
			hasScannedForEncodings = 0;
			knownRegions = (
				en,
				Base,
			);
			mainGroup = 0098AEBD214F80580005F682;
			productRefGroup = 0098AEC7214F80580005F682 /* Products */;
			projectDirPath = "";
			projectRoot = "";
			targets = (
				0098AEC5214F80580005F682 /* testPaging */,
			);
		};
/* End PBXProject section */

/* Begin PBXResourcesBuildPhase section */
		0098AEC4214F80580005F682 /* Resources */ = {
			isa = PBXResourcesBuildPhase;
			buildActionMask = 2147483647;
			files = (
				0098AED6214F805A0005F682 /* LaunchScreen.storyboard in Resources */,
				0098AED3214F805A0005F682 /* Assets.xcassets in Resources */,
				0098AED1214F80580005F682 /* Main.storyboard in Resources */,
			);
			runOnlyForDeploymentPostprocessing = 0;
		};
/* End PBXResourcesBuildPhase section */

/* Begin PBXSourcesBuildPhase section */
		0098AEC2214F80580005F682 /* Sources */ = {
			isa = PBXSourcesBuildPhase;
			buildActionMask = 2147483647;
			files = (
				0098AECE214F80580005F682 /* ViewController.m in Sources */,
				0098AEE1214F84070005F682 /* SinglePageView.m in Sources */,
				0098AEE7214F8AF20005F682 /* UIKitPagingDotsView.m in Sources */,
				0098AED9214F805A0005F682 /* main.m in Sources */,
				0098AECB214F80580005F682 /* AppDelegate.m in Sources */,
			);
			runOnlyForDeploymentPostprocessing = 0;
		};
/* End PBXSourcesBuildPhase section */

/* Begin PBXVariantGroup section */
		0098AECF214F80580005F682 /* Main.storyboard */ = {
			isa = PBXVariantGroup;
			children = (
				0098AED0214F80580005F682 /* Base */,
			);
			name = Main.storyboard;
			sourceTree = "<group>";
		};
		0098AED4214F805A0005F682 /* LaunchScreen.storyboard */ = {
			isa = PBXVariantGroup;
			children = (
				0098AED5214F805A0005F682 /* Base */,
			);
			name = LaunchScreen.storyboard;
			sourceTree = "<group>";
		};
/* End PBXVariantGroup section */

/* Begin XCBuildConfiguration section */
		0098AEDA214F805A0005F682 /* Debug */ = {
			isa = XCBuildConfiguration;
			buildSettings = {
				ALWAYS_SEARCH_USER_PATHS = NO;
				CLANG_ANALYZER_NONNULL = YES;
				CLANG_ANALYZER_NUMBER_OBJECT_CONVERSION = YES_AGGRESSIVE;
				CLANG_CXX_LANGUAGE_STANDARD = "gnu++14";
				CLANG_CXX_LIBRARY = "libc++";
				CLANG_ENABLE_MODULES = YES;
				CLANG_ENABLE_OBJC_ARC = YES;
				CLANG_ENABLE_OBJC_WEAK = YES;
				CLANG_WARN_BLOCK_CAPTURE_AUTORELEASING = YES;
				CLANG_WARN_BOOL_CONVERSION = YES;
				CLANG_WARN_COMMA = YES;
				CLANG_WARN_CONSTANT_CONVERSION = YES;
				CLANG_WARN_DEPRECATED_OBJC_IMPLEMENTATIONS = YES;
				CLANG_WARN_DIRECT_OBJC_ISA_USAGE = YES_ERROR;
				CLANG_WARN_DOCUMENTATION_COMMENTS = YES;
				CLANG_WARN_EMPTY_BODY = YES;
				CLANG_WARN_ENUM_CONVERSION = YES;
				CLANG_WARN_INFINITE_RECURSION = YES;
				CLANG_WARN_INT_CONVERSION = YES;
				CLANG_WARN_NON_LITERAL_NULL_CONVERSION = YES;
				CLANG_WARN_OBJC_IMPLICIT_RETAIN_SELF = YES;
				CLANG_WARN_OBJC_LITERAL_CONVERSION = YES;
				CLANG_WARN_OBJC_ROOT_CLASS = YES_ERROR;
				CLANG_WARN_RANGE_LOOP_ANALYSIS = YES;
				CLANG_WARN_STRICT_PROTOTYPES = YES;
				CLANG_WARN_SUSPICIOUS_MOVE = YES;
				CLANG_WARN_UNGUARDED_AVAILABILITY = YES_AGGRESSIVE;
				CLANG_WARN_UNREACHABLE_CODE = YES;
				CLANG_WARN__DUPLICATE_METHOD_MATCH = YES;
				CODE_SIGN_IDENTITY = "iPhone Developer";
				COPY_PHASE_STRIP = NO;
				DEBUG_INFORMATION_FORMAT = dwarf;
				ENABLE_STRICT_OBJC_MSGSEND = YES;
				ENABLE_TESTABILITY = YES;
				GCC_C_LANGUAGE_STANDARD = gnu11;
				GCC_DYNAMIC_NO_PIC = NO;
				GCC_NO_COMMON_BLOCKS = YES;
				GCC_OPTIMIZATION_LEVEL = 0;
				GCC_PREPROCESSOR_DEFINITIONS = (
					"DEBUG=1",
					"$(inherited)",
				);
				GCC_WARN_64_TO_32_BIT_CONVERSION = YES;
				GCC_WARN_ABOUT_RETURN_TYPE = YES_ERROR;
				GCC_WARN_UNDECLARED_SELECTOR = YES;
				GCC_WARN_UNINITIALIZED_AUTOS = YES_AGGRESSIVE;
				GCC_WARN_UNUSED_FUNCTION = YES;
				GCC_WARN_UNUSED_VARIABLE = YES;
				IPHONEOS_DEPLOYMENT_TARGET = 11.4;
				MTL_ENABLE_DEBUG_INFO = YES;
				ONLY_ACTIVE_ARCH = YES;
				SDKROOT = iphoneos;
			};
			name = Debug;
		};
		0098AEDB214F805A0005F682 /* Release */ = {
			isa = XCBuildConfiguration;
			buildSettings = {
				ALWAYS_SEARCH_USER_PATHS = NO;
				CLANG_ANALYZER_NONNULL = YES;
				CLANG_ANALYZER_NUMBER_OBJECT_CONVERSION = YES_AGGRESSIVE;
				CLANG_CXX_LANGUAGE_STANDARD = "gnu++14";
				CLANG_CXX_LIBRARY = "libc++";
				CLANG_ENABLE_MODULES = YES;
				CLANG_ENABLE_OBJC_ARC = YES;
				CLANG_ENABLE_OBJC_WEAK = YES;
				CLANG_WARN_BLOCK_CAPTURE_AUTORELEASING = YES;
				CLANG_WARN_BOOL_CONVERSION = YES;
				CLANG_WARN_COMMA = YES;
				CLANG_WARN_CONSTANT_CONVERSION = YES;
				CLANG_WARN_DEPRECATED_OBJC_IMPLEMENTATIONS = YES;
				CLANG_WARN_DIRECT_OBJC_ISA_USAGE = YES_ERROR;
				CLANG_WARN_DOCUMENTATION_COMMENTS = YES;
				CLANG_WARN_EMPTY_BODY = YES;
				CLANG_WARN_ENUM_CONVERSION = YES;
				CLANG_WARN_INFINITE_RECURSION = YES;
				CLANG_WARN_INT_CONVERSION = YES;
				CLANG_WARN_NON_LITERAL_NULL_CONVERSION = YES;
				CLANG_WARN_OBJC_IMPLICIT_RETAIN_SELF = YES;
				CLANG_WARN_OBJC_LITERAL_CONVERSION = YES;
				CLANG_WARN_OBJC_ROOT_CLASS = YES_ERROR;
				CLANG_WARN_RANGE_LOOP_ANALYSIS = YES;
				CLANG_WARN_STRICT_PROTOTYPES = YES;
				CLANG_WARN_SUSPICIOUS_MOVE = YES;
				CLANG_WARN_UNGUARDED_AVAILABILITY = YES_AGGRESSIVE;
				CLANG_WARN_UNREACHABLE_CODE = YES;
				CLANG_WARN__DUPLICATE_METHOD_MATCH = YES;
				CODE_SIGN_IDENTITY = "iPhone Developer";
				COPY_PHASE_STRIP = NO;
				DEBUG_INFORMATION_FORMAT = "dwarf-with-dsym";
				ENABLE_NS_ASSERTIONS = NO;
				ENABLE_STRICT_OBJC_MSGSEND = YES;
				GCC_C_LANGUAGE_STANDARD = gnu11;
				GCC_NO_COMMON_BLOCKS = YES;
				GCC_WARN_64_TO_32_BIT_CONVERSION = YES;
				GCC_WARN_ABOUT_RETURN_TYPE = YES_ERROR;
				GCC_WARN_UNDECLARED_SELECTOR = YES;
				GCC_WARN_UNINITIALIZED_AUTOS = YES_AGGRESSIVE;
				GCC_WARN_UNUSED_FUNCTION = YES;
				GCC_WARN_UNUSED_VARIABLE = YES;
				IPHONEOS_DEPLOYMENT_TARGET = 11.4;
				MTL_ENABLE_DEBUG_INFO = NO;
				SDKROOT = iphoneos;
				VALIDATE_PRODUCT = YES;
			};
			name = Release;
		};
		0098AEDD214F805A0005F682 /* Debug */ = {
			isa = XCBuildConfiguration;
			buildSettings = {
				ASSETCATALOG_COMPILER_APPICON_NAME = AppIcon;
				CODE_SIGN_STYLE = Automatic;
				INFOPLIST_FILE = testPaging/Info.plist;
				LD_RUNPATH_SEARCH_PATHS = (
					"$(inherited)",
					"@executable_path/Frameworks",
				);
				PRODUCT_BUNDLE_IDENTIFIER = dima.avvakumov.testPaging;
				PRODUCT_NAME = "$(TARGET_NAME)";
				TARGETED_DEVICE_FAMILY = "1,2";
			};
			name = Debug;
		};
		0098AEDE214F805A0005F682 /* Release */ = {
			isa = XCBuildConfiguration;
			buildSettings = {
				ASSETCATALOG_COMPILER_APPICON_NAME = AppIcon;
				CODE_SIGN_STYLE = Automatic;
				INFOPLIST_FILE = testPaging/Info.plist;
				LD_RUNPATH_SEARCH_PATHS = (
					"$(inherited)",
					"@executable_path/Frameworks",
				);
				PRODUCT_BUNDLE_IDENTIFIER = dima.avvakumov.testPaging;
				PRODUCT_NAME = "$(TARGET_NAME)";
				TARGETED_DEVICE_FAMILY = "1,2";
			};
			name = Release;
		};
/* End XCBuildConfiguration section */

/* Begin XCConfigurationList section */
		0098AEC1214F80580005F682 /* Build configuration list for PBXProject "testPaging" */ = {
			isa = XCConfigurationList;
			buildConfigurations = (
				0098AEDA214F805A0005F682 /* Debug */,
				0098AEDB214F805A0005F682 /* Release */,
			);
			defaultConfigurationIsVisible = 0;
			defaultConfigurationName = Release;
		};
		0098AEDC214F805A0005F682 /* Build configuration list for PBXNativeTarget "testPaging" */ = {
			isa = XCConfigurationList;
			buildConfigurations = (
				0098AEDD214F805A0005F682 /* Debug */,
				0098AEDE214F805A0005F682 /* Release */,
			);
			defaultConfigurationIsVisible = 0;
			defaultConfigurationName = Release;
		};
/* End XCConfigurationList section */
	};
	rootObject = 0098AEBE214F80580005F682 /* Project object */;
}
